
Microsoft Visual Studio Solution File, Format Version 12.00
# Visual Studio Version 17
VisualStudioVersion = 17.0.31919.166
MinimumVisualStudioVersion = 10.0.40219.1
Project("{9A19103F-16F7-4668-BE54-9A1E7A4F7556}") = "MadislolincWeb", "MadislolincWeb\MadislolincWeb.csproj", "{7AF608B1-F618-486D-A278-9366BEE76FBA}"
EndProject
Global
	GlobalSection(SolutionConfigurationPlatforms) = preSolution
		Debug|Any CPU = Debug|Any CPU
		Release|Any CPU = Release|Any CPU
	EndGlobalSection
	GlobalSection(ProjectConfigurationPlatforms) = postSolution
		{7AF608B1-F618-486D-A278-9366BEE76FBA}.Debug|Any CPU.ActiveCfg = Debug|Any CPU
		{7AF608B1-F618-486D-A278-9366BEE76FBA}.Debug|Any CPU.Build.0 = Debug|Any CPU
		{7AF608B1-F618-486D-A278-9366BEE76FBA}.Release|Any CPU.ActiveCfg = Release|Any CPU
		{7AF608B1-F618-486D-A278-9366BEE76FBA}.Release|Any CPU.Build.0 = Release|Any CPU
	EndGlobalSection
	GlobalSection(SolutionProperties) = preSolution
		HideSolutionNode = FALSE
	EndGlobalSection
	GlobalSection(ExtensibilityGlobals) = postSolution
		SolutionGuid = {697D53EF-0CB9-4B39-8D64-33B6D76B8E68}
	EndGlobalSection
EndGlobal
