Microsoft Visual Studio Solution File, Format Version 12.00
# Visual Studio Version 17
VisualStudioVersion = 17.5.2.0
MinimumVisualStudioVersion = 10.0.40219.1
Project("{FAE04EC0-301F-11D3-BF4B-00C04F79EFBC}") = "MadislolincWeb", "MadislolincWeb.csproj", "{45F46D4C-EA99-8543-56B8-F393E2194FF8}"
EndProject
Global
	GlobalSection(SolutionConfigurationPlatforms) = preSolution
		Debug|Any CPU = Debug|Any CPU
		Release|Any CPU = Release|Any CPU
	EndGlobalSection
	GlobalSection(ProjectConfigurationPlatforms) = postSolution
		{45F46D4C-EA99-8543-56B8-F393E2194FF8}.Debug|Any CPU.ActiveCfg = Debug|Any CPU
		{45F46D4C-EA99-8543-56B8-F393E2194FF8}.Debug|Any CPU.Build.0 = Debug|Any CPU
		{45F46D4C-EA99-8543-56B8-F393E2194FF8}.Release|Any CPU.ActiveCfg = Release|Any CPU
		{45F46D4C-EA99-8543-56B8-F393E2194FF8}.Release|Any CPU.Build.0 = Release|Any CPU
	EndGlobalSection
	GlobalSection(SolutionProperties) = preSolution
		HideSolutionNode = FALSE
	EndGlobalSection
	GlobalSection(ExtensibilityGlobals) = postSolution
		SolutionGuid = {50A32678-5F23-4E54-B690-C8404B6CA35A}
	EndGlobalSection
EndGlobal
